
Microsoft Visual Studio Solution File, Format Version 12.00
# Visual Studio 15
VisualStudioVersion = 15.0.28010.2046
MinimumVisualStudioVersion = 10.0.40219.1
Project("{FAE04EC0-301F-11D3-BF4B-00C04F79EFBC}") = "CapaPresentacion", "CapaPresentacion\CapaPresentacion.csproj", "{DC21E654-696E-44CC-86F7-ACAE64B1D6A9}"
EndProject
Project("{FAE04EC0-301F-11D3-BF4B-00C04F79EFBC}") = "CapaEntidad", "CapaEntidad\CapaEntidad.csproj", "{F93BC257-DA25-4178-95A0-2D4802474ECC}"
EndProject
Project("{FAE04EC0-301F-11D3-BF4B-00C04F79EFBC}") = "CapaDatos", "CapaDatos\CapaDatos.csproj", "{79DA4A98-F51D-4480-90C7-24A7FFBD192A}"
EndProject
Project("{FAE04EC0-301F-11D3-BF4B-00C04F79EFBC}") = "CapaNegocio", "CapaNegocio\CapaNegocio.csproj", "{83615D1E-8A86-47BC-9232-5D7C0800F406}"
EndProject
Project("{FAE04EC0-301F-11D3-BF4B-00C04F79EFBC}") = "RentaCarServices", "RentaCarServices\RentaCarServices.csproj", "{3AB0AF0C-96A4-4635-B0F9-B08A31A7DB1C}"
EndProject
Project("{FAE04EC0-301F-11D3-BF4B-00C04F79EFBC}") = "RentaCarCoreLib", "RentaCarCoreLib\RentaCarCoreLib.csproj", "{CE105FE6-504B-4C96-8DB0-1ACF85649509}"
EndProject
Global
	GlobalSection(SolutionConfigurationPlatforms) = preSolution
		Debug|Any CPU = Debug|Any CPU
		Release|Any CPU = Release|Any CPU
	EndGlobalSection
	GlobalSection(ProjectConfigurationPlatforms) = postSolution
		{DC21E654-696E-44CC-86F7-ACAE64B1D6A9}.Debug|Any CPU.ActiveCfg = Debug|Any CPU
		{DC21E654-696E-44CC-86F7-ACAE64B1D6A9}.Debug|Any CPU.Build.0 = Debug|Any CPU
		{DC21E654-696E-44CC-86F7-ACAE64B1D6A9}.Release|Any CPU.ActiveCfg = Release|Any CPU
		{DC21E654-696E-44CC-86F7-ACAE64B1D6A9}.Release|Any CPU.Build.0 = Release|Any CPU
		{F93BC257-DA25-4178-95A0-2D4802474ECC}.Debug|Any CPU.ActiveCfg = Debug|Any CPU
		{F93BC257-DA25-4178-95A0-2D4802474ECC}.Debug|Any CPU.Build.0 = Debug|Any CPU
		{F93BC257-DA25-4178-95A0-2D4802474ECC}.Release|Any CPU.ActiveCfg = Release|Any CPU
		{F93BC257-DA25-4178-95A0-2D4802474ECC}.Release|Any CPU.Build.0 = Release|Any CPU
		{79DA4A98-F51D-4480-90C7-24A7FFBD192A}.Debug|Any CPU.ActiveCfg = Debug|Any CPU
		{79DA4A98-F51D-4480-90C7-24A7FFBD192A}.Debug|Any CPU.Build.0 = Debug|Any CPU
		{79DA4A98-F51D-4480-90C7-24A7FFBD192A}.Release|Any CPU.ActiveCfg = Release|Any CPU
		{79DA4A98-F51D-4480-90C7-24A7FFBD192A}.Release|Any CPU.Build.0 = Release|Any CPU
		{83615D1E-8A86-47BC-9232-5D7C0800F406}.Debug|Any CPU.ActiveCfg = Debug|Any CPU
		{83615D1E-8A86-47BC-9232-5D7C0800F406}.Debug|Any CPU.Build.0 = Debug|Any CPU
		{83615D1E-8A86-47BC-9232-5D7C0800F406}.Release|Any CPU.ActiveCfg = Release|Any CPU
		{83615D1E-8A86-47BC-9232-5D7C0800F406}.Release|Any CPU.Build.0 = Release|Any CPU
		{3AB0AF0C-96A4-4635-B0F9-B08A31A7DB1C}.Debug|Any CPU.ActiveCfg = Debug|Any CPU
		{3AB0AF0C-96A4-4635-B0F9-B08A31A7DB1C}.Debug|Any CPU.Build.0 = Debug|Any CPU
		{3AB0AF0C-96A4-4635-B0F9-B08A31A7DB1C}.Release|Any CPU.ActiveCfg = Release|Any CPU
		{3AB0AF0C-96A4-4635-B0F9-B08A31A7DB1C}.Release|Any CPU.Build.0 = Release|Any CPU
		{CE105FE6-504B-4C96-8DB0-1ACF85649509}.Debug|Any CPU.ActiveCfg = Debug|Any CPU
		{CE105FE6-504B-4C96-8DB0-1ACF85649509}.Debug|Any CPU.Build.0 = Debug|Any CPU
		{CE105FE6-504B-4C96-8DB0-1ACF85649509}.Release|Any CPU.ActiveCfg = Release|Any CPU
		{CE105FE6-504B-4C96-8DB0-1ACF85649509}.Release|Any CPU.Build.0 = Release|Any CPU
	EndGlobalSection
	GlobalSection(SolutionProperties) = preSolution
		HideSolutionNode = FALSE
	EndGlobalSection
	GlobalSection(ExtensibilityGlobals) = postSolution
		SolutionGuid = {7D827CF1-CAA4-4FEA-B914-9477A1BE540A}
	EndGlobalSection
EndGlobal
