
Microsoft Visual Studio Solution File, Format Version 12.00
# Visual Studio 14
VisualStudioVersion = 14.0.25123.0
MinimumVisualStudioVersion = 10.0.40219.1
Project("{FAE04EC0-301F-11D3-BF4B-00C04F79EFBC}") = "CapaPresentacion", "CapaPresentacion\CapaPresentacion.csproj", "{DC21E654-696E-44CC-86F7-ACAE64B1D6A9}"
EndProject
Project("{FAE04EC0-301F-11D3-BF4B-00C04F79EFBC}") = "CapaEntidad", "CapaEntidad\CapaEntidad.csproj", "{F93BC257-DA25-4178-95A0-2D4802474ECC}"
EndProject
Project("{FAE04EC0-301F-11D3-BF4B-00C04F79EFBC}") = "CapaDatos", "CapaDatos\CapaDatos.csproj", "{79DA4A98-F51D-4480-90C7-24A7FFBD192A}"
EndProject
Project("{FAE04EC0-301F-11D3-BF4B-00C04F79EFBC}") = "CapaNegocio", "CapaNegocio\CapaNegocio.csproj", "{83615D1E-8A86-47BC-9232-5D7C0800F406}"
EndProject
Project("{E24C65DC-7377-472B-9ABA-BC803B73C61A}") = "WebRentaCar(2)", "WebRentaCar\", "{B7F42226-6F81-4AAE-A203-5F04A4660DF1}"
	ProjectSection(WebsiteProperties) = preProject
		TargetFrameworkMoniker = ".NETFramework,Version%3Dv4.5.2"
		Debug.AspNetCompiler.VirtualPath = "/localhost_55308"
		Debug.AspNetCompiler.PhysicalPath = "WebRentaCar\"
		Debug.AspNetCompiler.TargetPath = "PrecompiledWeb\localhost_55308\"
		Debug.AspNetCompiler.Updateable = "true"
		Debug.AspNetCompiler.ForceOverwrite = "true"
		Debug.AspNetCompiler.FixedNames = "false"
		Debug.AspNetCompiler.Debug = "True"
		Release.AspNetCompiler.VirtualPath = "/localhost_55308"
		Release.AspNetCompiler.PhysicalPath = "WebRentaCar\"
		Release.AspNetCompiler.TargetPath = "PrecompiledWeb\localhost_55308\"
		Release.AspNetCompiler.Updateable = "true"
		Release.AspNetCompiler.ForceOverwrite = "true"
		Release.AspNetCompiler.FixedNames = "false"
		Release.AspNetCompiler.Debug = "False"
		VWDPort = "55308"
		SlnRelativePath = "WebRentaCar\"
		DefaultWebSiteLanguage = "Visual C#"
	EndProjectSection
EndProject
Global
	GlobalSection(SolutionConfigurationPlatforms) = preSolution
		Debug|Any CPU = Debug|Any CPU
		Release|Any CPU = Release|Any CPU
	EndGlobalSection
	GlobalSection(ProjectConfigurationPlatforms) = postSolution
		{DC21E654-696E-44CC-86F7-ACAE64B1D6A9}.Debug|Any CPU.ActiveCfg = Debug|Any CPU
		{DC21E654-696E-44CC-86F7-ACAE64B1D6A9}.Debug|Any CPU.Build.0 = Debug|Any CPU
		{DC21E654-696E-44CC-86F7-ACAE64B1D6A9}.Release|Any CPU.ActiveCfg = Release|Any CPU
		{DC21E654-696E-44CC-86F7-ACAE64B1D6A9}.Release|Any CPU.Build.0 = Release|Any CPU
		{F93BC257-DA25-4178-95A0-2D4802474ECC}.Debug|Any CPU.ActiveCfg = Debug|Any CPU
		{F93BC257-DA25-4178-95A0-2D4802474ECC}.Debug|Any CPU.Build.0 = Debug|Any CPU
		{F93BC257-DA25-4178-95A0-2D4802474ECC}.Release|Any CPU.ActiveCfg = Release|Any CPU
		{F93BC257-DA25-4178-95A0-2D4802474ECC}.Release|Any CPU.Build.0 = Release|Any CPU
		{79DA4A98-F51D-4480-90C7-24A7FFBD192A}.Debug|Any CPU.ActiveCfg = Debug|Any CPU
		{79DA4A98-F51D-4480-90C7-24A7FFBD192A}.Debug|Any CPU.Build.0 = Debug|Any CPU
		{79DA4A98-F51D-4480-90C7-24A7FFBD192A}.Release|Any CPU.ActiveCfg = Release|Any CPU
		{79DA4A98-F51D-4480-90C7-24A7FFBD192A}.Release|Any CPU.Build.0 = Release|Any CPU
		{83615D1E-8A86-47BC-9232-5D7C0800F406}.Debug|Any CPU.ActiveCfg = Debug|Any CPU
		{83615D1E-8A86-47BC-9232-5D7C0800F406}.Debug|Any CPU.Build.0 = Debug|Any CPU
		{83615D1E-8A86-47BC-9232-5D7C0800F406}.Release|Any CPU.ActiveCfg = Release|Any CPU
		{83615D1E-8A86-47BC-9232-5D7C0800F406}.Release|Any CPU.Build.0 = Release|Any CPU
		{B7F42226-6F81-4AAE-A203-5F04A4660DF1}.Debug|Any CPU.ActiveCfg = Debug|Any CPU
		{B7F42226-6F81-4AAE-A203-5F04A4660DF1}.Debug|Any CPU.Build.0 = Debug|Any CPU
		{B7F42226-6F81-4AAE-A203-5F04A4660DF1}.Release|Any CPU.ActiveCfg = Debug|Any CPU
		{B7F42226-6F81-4AAE-A203-5F04A4660DF1}.Release|Any CPU.Build.0 = Debug|Any CPU
	EndGlobalSection
	GlobalSection(SolutionProperties) = preSolution
		HideSolutionNode = FALSE
	EndGlobalSection
	GlobalSection(ExtensibilityGlobals) = postSolution
		SolutionGuid = {7D827CF1-CAA4-4FEA-B914-9477A1BE540A}
	EndGlobalSection
EndGlobal
